
Microsoft Visual Studio Solution File, Format Version 12.00
# Visual Studio 15
VisualStudioVersion = 15.0.28010.2050
MinimumVisualStudioVersion = 10.0.40219.1
Project("{8BC9CEB8-8B4A-11D0-8D11-00A0C91BC942}") = "BitOrder", "BitOrder\BitOrder.vcxproj", "{B9337FAA-6D2D-4DAF-AA14-9FA098727786}"
EndProject
Project("{8BC9CEB8-8B4A-11D0-8D11-00A0C91BC942}") = "Integrating Mocking with C++ Default Parameters", "Integrating Mocking with C++ Default Parameters\Integrating Mocking with C++ Default Parameters.vcxproj", "{88EF7865-87F4-4CC6-99A0-9871BEB9D72F}"
EndProject
Project("{8BC9CEB8-8B4A-11D0-8D11-00A0C91BC942}") = "std_any", "std_any\std_any.vcxproj", "{84B76610-DB73-4ECB-97F2-DCE5891CE7E0}"
EndProject
Project("{8BC9CEB8-8B4A-11D0-8D11-00A0C91BC942}") = "asio_check_when_the_connection_is_made", "asio_check_when_the_connection_is_made\asio_check_when_the_connection_is_made.vcxproj", "{55FE62D2-B596-41E4-A8DD-129A94EF2610}"
EndProject
Project("{8BC9CEB8-8B4A-11D0-8D11-00A0C91BC942}") = "asio_listen_stopped_by_io_service", "asio_listen_stopped_by_io_service\asio_listen_stopped_by_io_service.vcxproj", "{939A7401-C600-4EA4-91FD-20DD6A3309BD}"
EndProject
Global
	GlobalSection(SolutionConfigurationPlatforms) = preSolution
		Debug|x64 = Debug|x64
		Debug|x86 = Debug|x86
		Release|x64 = Release|x64
		Release|x86 = Release|x86
	EndGlobalSection
	GlobalSection(ProjectConfigurationPlatforms) = postSolution
		{B9337FAA-6D2D-4DAF-AA14-9FA098727786}.Debug|x64.ActiveCfg = Debug|x64
		{B9337FAA-6D2D-4DAF-AA14-9FA098727786}.Debug|x64.Build.0 = Debug|x64
		{B9337FAA-6D2D-4DAF-AA14-9FA098727786}.Debug|x86.ActiveCfg = Debug|Win32
		{B9337FAA-6D2D-4DAF-AA14-9FA098727786}.Debug|x86.Build.0 = Debug|Win32
		{B9337FAA-6D2D-4DAF-AA14-9FA098727786}.Release|x64.ActiveCfg = Release|x64
		{B9337FAA-6D2D-4DAF-AA14-9FA098727786}.Release|x64.Build.0 = Release|x64
		{B9337FAA-6D2D-4DAF-AA14-9FA098727786}.Release|x86.ActiveCfg = Release|Win32
		{B9337FAA-6D2D-4DAF-AA14-9FA098727786}.Release|x86.Build.0 = Release|Win32
		{88EF7865-87F4-4CC6-99A0-9871BEB9D72F}.Debug|x64.ActiveCfg = Debug|x64
		{88EF7865-87F4-4CC6-99A0-9871BEB9D72F}.Debug|x64.Build.0 = Debug|x64
		{88EF7865-87F4-4CC6-99A0-9871BEB9D72F}.Debug|x86.ActiveCfg = Debug|Win32
		{88EF7865-87F4-4CC6-99A0-9871BEB9D72F}.Debug|x86.Build.0 = Debug|Win32
		{88EF7865-87F4-4CC6-99A0-9871BEB9D72F}.Release|x64.ActiveCfg = Release|x64
		{88EF7865-87F4-4CC6-99A0-9871BEB9D72F}.Release|x64.Build.0 = Release|x64
		{88EF7865-87F4-4CC6-99A0-9871BEB9D72F}.Release|x86.ActiveCfg = Release|Win32
		{88EF7865-87F4-4CC6-99A0-9871BEB9D72F}.Release|x86.Build.0 = Release|Win32
		{84B76610-DB73-4ECB-97F2-DCE5891CE7E0}.Debug|x64.ActiveCfg = Debug|x64
		{84B76610-DB73-4ECB-97F2-DCE5891CE7E0}.Debug|x64.Build.0 = Debug|x64
		{84B76610-DB73-4ECB-97F2-DCE5891CE7E0}.Debug|x86.ActiveCfg = Debug|Win32
		{84B76610-DB73-4ECB-97F2-DCE5891CE7E0}.Debug|x86.Build.0 = Debug|Win32
		{84B76610-DB73-4ECB-97F2-DCE5891CE7E0}.Release|x64.ActiveCfg = Release|x64
		{84B76610-DB73-4ECB-97F2-DCE5891CE7E0}.Release|x64.Build.0 = Release|x64
		{84B76610-DB73-4ECB-97F2-DCE5891CE7E0}.Release|x86.ActiveCfg = Release|Win32
		{84B76610-DB73-4ECB-97F2-DCE5891CE7E0}.Release|x86.Build.0 = Release|Win32
		{55FE62D2-B596-41E4-A8DD-129A94EF2610}.Debug|x64.ActiveCfg = Debug|x64
		{55FE62D2-B596-41E4-A8DD-129A94EF2610}.Debug|x64.Build.0 = Debug|x64
		{55FE62D2-B596-41E4-A8DD-129A94EF2610}.Debug|x86.ActiveCfg = Debug|Win32
		{55FE62D2-B596-41E4-A8DD-129A94EF2610}.Debug|x86.Build.0 = Debug|Win32
		{55FE62D2-B596-41E4-A8DD-129A94EF2610}.Release|x64.ActiveCfg = Release|x64
		{55FE62D2-B596-41E4-A8DD-129A94EF2610}.Release|x64.Build.0 = Release|x64
		{55FE62D2-B596-41E4-A8DD-129A94EF2610}.Release|x86.ActiveCfg = Release|Win32
		{55FE62D2-B596-41E4-A8DD-129A94EF2610}.Release|x86.Build.0 = Release|Win32
		{939A7401-C600-4EA4-91FD-20DD6A3309BD}.Debug|x64.ActiveCfg = Debug|x64
		{939A7401-C600-4EA4-91FD-20DD6A3309BD}.Debug|x64.Build.0 = Debug|x64
		{939A7401-C600-4EA4-91FD-20DD6A3309BD}.Debug|x86.ActiveCfg = Debug|Win32
		{939A7401-C600-4EA4-91FD-20DD6A3309BD}.Debug|x86.Build.0 = Debug|Win32
		{939A7401-C600-4EA4-91FD-20DD6A3309BD}.Release|x64.ActiveCfg = Release|x64
		{939A7401-C600-4EA4-91FD-20DD6A3309BD}.Release|x64.Build.0 = Release|x64
		{939A7401-C600-4EA4-91FD-20DD6A3309BD}.Release|x86.ActiveCfg = Release|Win32
		{939A7401-C600-4EA4-91FD-20DD6A3309BD}.Release|x86.Build.0 = Release|Win32
	EndGlobalSection
	GlobalSection(SolutionProperties) = preSolution
		HideSolutionNode = FALSE
	EndGlobalSection
	GlobalSection(ExtensibilityGlobals) = postSolution
		SolutionGuid = {84ADB408-69E1-48C9-A987-DA71E713E0C8}
	EndGlobalSection
EndGlobal
